
Microsoft Visual Studio Solution File, Format Version 12.00
# Visual Studio 2013
VisualStudioVersion = 12.0.31101.0
MinimumVisualStudioVersion = 10.0.40219.1
Project("{FAE04EC0-301F-11D3-BF4B-00C04F79EFBC}") = "Northwind.UI", "Northwind.UI\Northwind.UI.csproj", "{507B9C83-83F8-4791-AD45-C7388DDCC5D2}"
EndProject
Project("{FAE04EC0-301F-11D3-BF4B-00C04F79EFBC}") = "Northwind.Logic", "Northwind.Logic\Northwind.Logic.csproj", "{8AD94B9B-55E6-499F-83FD-D361E0B324E8}"
EndProject
Project("{FAE04EC0-301F-11D3-BF4B-00C04F79EFBC}") = "Northwind.Database", "Northwind.Database\Northwind.Database.csproj", "{E88F0287-3598-457C-9D72-5B0E932C7198}"
EndProject
Project("{FAE04EC0-301F-11D3-BF4B-00C04F79EFBC}") = "Northwind.White", "Northwind.White\Northwind.White.csproj", "{698E51AD-75EB-46DE-8D2A-627C6B676445}"
EndProject
Project("{2150E333-8FDC-42A3-9474-1A3956D46DE8}") = ".nuget", ".nuget", "{CF755049-3732-42F7-A140-376FCB3B8CF3}"
	ProjectSection(SolutionItems) = preProject
		.nuget\packages.config = .nuget\packages.config
	EndProjectSection
EndProject
Global
	GlobalSection(SolutionConfigurationPlatforms) = preSolution
		Debug|Any CPU = Debug|Any CPU
		Release|Any CPU = Release|Any CPU
	EndGlobalSection
	GlobalSection(ProjectConfigurationPlatforms) = postSolution
		{507B9C83-83F8-4791-AD45-C7388DDCC5D2}.Debug|Any CPU.ActiveCfg = Debug|Any CPU
		{507B9C83-83F8-4791-AD45-C7388DDCC5D2}.Debug|Any CPU.Build.0 = Debug|Any CPU
		{507B9C83-83F8-4791-AD45-C7388DDCC5D2}.Release|Any CPU.ActiveCfg = Release|Any CPU
		{507B9C83-83F8-4791-AD45-C7388DDCC5D2}.Release|Any CPU.Build.0 = Release|Any CPU
		{8AD94B9B-55E6-499F-83FD-D361E0B324E8}.Debug|Any CPU.ActiveCfg = Debug|Any CPU
		{8AD94B9B-55E6-499F-83FD-D361E0B324E8}.Debug|Any CPU.Build.0 = Debug|Any CPU
		{8AD94B9B-55E6-499F-83FD-D361E0B324E8}.Release|Any CPU.ActiveCfg = Release|Any CPU
		{8AD94B9B-55E6-499F-83FD-D361E0B324E8}.Release|Any CPU.Build.0 = Release|Any CPU
		{E88F0287-3598-457C-9D72-5B0E932C7198}.Debug|Any CPU.ActiveCfg = Debug|Any CPU
		{E88F0287-3598-457C-9D72-5B0E932C7198}.Debug|Any CPU.Build.0 = Debug|Any CPU
		{E88F0287-3598-457C-9D72-5B0E932C7198}.Release|Any CPU.ActiveCfg = Release|Any CPU
		{E88F0287-3598-457C-9D72-5B0E932C7198}.Release|Any CPU.Build.0 = Release|Any CPU
		{698E51AD-75EB-46DE-8D2A-627C6B676445}.Debug|Any CPU.ActiveCfg = Debug|Any CPU
		{698E51AD-75EB-46DE-8D2A-627C6B676445}.Debug|Any CPU.Build.0 = Debug|Any CPU
		{698E51AD-75EB-46DE-8D2A-627C6B676445}.Release|Any CPU.ActiveCfg = Release|Any CPU
		{698E51AD-75EB-46DE-8D2A-627C6B676445}.Release|Any CPU.Build.0 = Release|Any CPU
	EndGlobalSection
	GlobalSection(SolutionProperties) = preSolution
		HideSolutionNode = FALSE
	EndGlobalSection
EndGlobal
